
Microsoft Visual Studio Solution File, Format Version 12.00
# Visual Studio Version 17
VisualStudioVersion = 17.3.32901.215
MinimumVisualStudioVersion = 10.0.40219.1
Project("{FAE04EC0-301F-11D3-BF4B-00C04F79EFBC}") = "Entities", "Entities\Entities.csproj", "{552A909D-71E1-4E47-9C60-A7F584D04088}"
EndProject
Project("{FAE04EC0-301F-11D3-BF4B-00C04F79EFBC}") = "DataAccess", "DataAccess\DataAccess.csproj", "{21450CCB-AD51-4246-9E79-40196D56D0A4}"
EndProject
Project("{FAE04EC0-301F-11D3-BF4B-00C04F79EFBC}") = "Business", "Business\Business.csproj", "{3FCEDD6C-1F29-4146-8D86-6A05C2B4DB92}"
EndProject
Project("{FAE04EC0-301F-11D3-BF4B-00C04F79EFBC}") = "WindowsFormsApp", "WindowsFormsApp\WindowsFormsApp.csproj", "{AD798F2D-AE69-4160-A9E6-C4E39390E46E}"
EndProject
Global
	GlobalSection(SolutionConfigurationPlatforms) = preSolution
		Debug|Any CPU = Debug|Any CPU
		Release|Any CPU = Release|Any CPU
	EndGlobalSection
	GlobalSection(ProjectConfigurationPlatforms) = postSolution
		{552A909D-71E1-4E47-9C60-A7F584D04088}.Debug|Any CPU.ActiveCfg = Debug|Any CPU
		{552A909D-71E1-4E47-9C60-A7F584D04088}.Debug|Any CPU.Build.0 = Debug|Any CPU
		{552A909D-71E1-4E47-9C60-A7F584D04088}.Release|Any CPU.ActiveCfg = Release|Any CPU
		{552A909D-71E1-4E47-9C60-A7F584D04088}.Release|Any CPU.Build.0 = Release|Any CPU
		{21450CCB-AD51-4246-9E79-40196D56D0A4}.Debug|Any CPU.ActiveCfg = Debug|Any CPU
		{21450CCB-AD51-4246-9E79-40196D56D0A4}.Debug|Any CPU.Build.0 = Debug|Any CPU
		{21450CCB-AD51-4246-9E79-40196D56D0A4}.Release|Any CPU.ActiveCfg = Release|Any CPU
		{21450CCB-AD51-4246-9E79-40196D56D0A4}.Release|Any CPU.Build.0 = Release|Any CPU
		{3FCEDD6C-1F29-4146-8D86-6A05C2B4DB92}.Debug|Any CPU.ActiveCfg = Debug|Any CPU
		{3FCEDD6C-1F29-4146-8D86-6A05C2B4DB92}.Debug|Any CPU.Build.0 = Debug|Any CPU
		{3FCEDD6C-1F29-4146-8D86-6A05C2B4DB92}.Release|Any CPU.ActiveCfg = Release|Any CPU
		{3FCEDD6C-1F29-4146-8D86-6A05C2B4DB92}.Release|Any CPU.Build.0 = Release|Any CPU
		{AD798F2D-AE69-4160-A9E6-C4E39390E46E}.Debug|Any CPU.ActiveCfg = Debug|Any CPU
		{AD798F2D-AE69-4160-A9E6-C4E39390E46E}.Debug|Any CPU.Build.0 = Debug|Any CPU
		{AD798F2D-AE69-4160-A9E6-C4E39390E46E}.Release|Any CPU.ActiveCfg = Release|Any CPU
		{AD798F2D-AE69-4160-A9E6-C4E39390E46E}.Release|Any CPU.Build.0 = Release|Any CPU
	EndGlobalSection
	GlobalSection(SolutionProperties) = preSolution
		HideSolutionNode = FALSE
	EndGlobalSection
	GlobalSection(ExtensibilityGlobals) = postSolution
		SolutionGuid = {ABAC2469-537A-45F4-8981-DEE3D02A1F4D}
	EndGlobalSection
EndGlobal
